{
  "name": "NaOng",
  "lockfileVersion": 3,
  "requires": true,
  "packages": {
    "": {
      "dependencies": {
        "ionic-input-mask": "^1.0.1"
      }
    },
    "node_modules/ionic-input-mask": {
      "version": "1.0.1",
      "resolved": "https://registry.npmjs.org/ionic-input-mask/-/ionic-input-mask-1.0.1.tgz",
      "integrity": "sha512-+u0G5ueg2dJsQA3syKxicYyVMuubo7adsYmos+P3BZ3DSYKsREJI72sScz0oIlDWaRiCdJXP5NKsEIuW82veAg=="
    }
  }
}
